
Microsoft Visual Studio Solution File, Format Version 12.00
# Visual Studio Version 16
VisualStudioVersion = 16.0.30717.126
MinimumVisualStudioVersion = 10.0.40219.1
Project("{FAE04EC0-301F-11D3-BF4B-00C04F79EFBC}") = "testApp", "testApp.csproj", "{8704EA9C-C8B9-4B8F-A0F8-B6AF0D987487}"
EndProject
Global
	GlobalSection(SolutionConfigurationPlatforms) = preSolution
		Debug|Any CPU = Debug|Any CPU
		Release|Any CPU = Release|Any CPU
	EndGlobalSection
	GlobalSection(ProjectConfigurationPlatforms) = postSolution
		{8704EA9C-C8B9-4B8F-A0F8-B6AF0D987487}.Debug|Any CPU.ActiveCfg = Debug|Any CPU
		{8704EA9C-C8B9-4B8F-A0F8-B6AF0D987487}.Debug|Any CPU.Build.0 = Debug|Any CPU
		{8704EA9C-C8B9-4B8F-A0F8-B6AF0D987487}.Release|Any CPU.ActiveCfg = Release|Any CPU
		{8704EA9C-C8B9-4B8F-A0F8-B6AF0D987487}.Release|Any CPU.Build.0 = Release|Any CPU
	EndGlobalSection
	GlobalSection(SolutionProperties) = preSolution
		HideSolutionNode = FALSE
	EndGlobalSection
	GlobalSection(ExtensibilityGlobals) = postSolution
		SolutionGuid = {4B0157EA-131F-4FBC-A24A-134588821607}
	EndGlobalSection
EndGlobal
